
Microsoft Visual Studio Solution File, Format Version 12.00
# Visual Studio Version 17
VisualStudioVersion = 17.5.002.0
MinimumVisualStudioVersion = 10.0.40219.1
Project("{9A19103F-16F7-4668-BE54-9A1E7A4F7556}") = "Movimento", "Movimento\Movimento.csproj", "{849763DE-6EA9-4BBD-9435-EA1A732A8995}"
EndProject
Project("{9A19103F-16F7-4668-BE54-9A1E7A4F7556}") = "Saldo", "Saldo\Saldo.csproj", "{58F1936D-7A3E-4058-9906-6A14828931B8}"
EndProject
Global
	GlobalSection(SolutionConfigurationPlatforms) = preSolution
		Debug|Any CPU = Debug|Any CPU
		Release|Any CPU = Release|Any CPU
	EndGlobalSection
	GlobalSection(ProjectConfigurationPlatforms) = postSolution
		{849763DE-6EA9-4BBD-9435-EA1A732A8995}.Debug|Any CPU.ActiveCfg = Debug|Any CPU
		{849763DE-6EA9-4BBD-9435-EA1A732A8995}.Debug|Any CPU.Build.0 = Debug|Any CPU
		{849763DE-6EA9-4BBD-9435-EA1A732A8995}.Release|Any CPU.ActiveCfg = Release|Any CPU
		{849763DE-6EA9-4BBD-9435-EA1A732A8995}.Release|Any CPU.Build.0 = Release|Any CPU
		{58F1936D-7A3E-4058-9906-6A14828931B8}.Debug|Any CPU.ActiveCfg = Debug|Any CPU
		{58F1936D-7A3E-4058-9906-6A14828931B8}.Debug|Any CPU.Build.0 = Debug|Any CPU
		{58F1936D-7A3E-4058-9906-6A14828931B8}.Release|Any CPU.ActiveCfg = Release|Any CPU
		{58F1936D-7A3E-4058-9906-6A14828931B8}.Release|Any CPU.Build.0 = Release|Any CPU
	EndGlobalSection
	GlobalSection(SolutionProperties) = preSolution
		HideSolutionNode = FALSE
	EndGlobalSection
	GlobalSection(ExtensibilityGlobals) = postSolution
		SolutionGuid = {89FB1CCE-FF55-461E-886D-532B4D002F7B}
	EndGlobalSection
EndGlobal
